
Microsoft Visual Studio Solution File, Format Version 12.00
# Visual Studio Version 17
VisualStudioVersion = 17.5.33516.290
MinimumVisualStudioVersion = 10.0.40219.1
Project("{2150E333-8FDC-42A3-9474-1A3956D46DE8}") = "Services", "Services", "{159B29A9-8BF1-4877-9056-9D3DE46DCBEC}"
EndProject
Project("{2150E333-8FDC-42A3-9474-1A3956D46DE8}") = "Shows", "Shows", "{B4B84AE3-A5FF-4FF0-A2CE-0D216076A8E0}"
EndProject
Project("{2150E333-8FDC-42A3-9474-1A3956D46DE8}") = "4-Domain", "4-Domain", "{1BB94855-7BFE-4E80-A69A-8BD489166402}"
EndProject
Project("{9A19103F-16F7-4668-BE54-9A1E7A4F7556}") = "Shows.Domain", "Shows.Domain\Shows.Domain.csproj", "{1DF4EF4A-80D4-4393-A4ED-0748893898EA}"
EndProject
Project("{2150E333-8FDC-42A3-9474-1A3956D46DE8}") = "3-Infrastructure", "3-Infrastructure", "{9584A5BB-DC62-4F17-B7CD-EA8EFE2EB486}"
EndProject
Project("{9A19103F-16F7-4668-BE54-9A1E7A4F7556}") = "Shows.Infrastructure", "Shows.Infrastructure\Shows.Infrastructure.csproj", "{9934F7AA-6D8D-4227-B348-E13C9C4B1242}"
EndProject
Project("{2150E333-8FDC-42A3-9474-1A3956D46DE8}") = "2-Application", "2-Application", "{2C1DD800-F56B-4A66-8514-0F6A6639DAB2}"
EndProject
Project("{9A19103F-16F7-4668-BE54-9A1E7A4F7556}") = "Shows.Application", "Shows.Application\Shows.Application.csproj", "{D61B4DE4-64D2-40DD-AFF8-F059F21FAE51}"
EndProject
Project("{2150E333-8FDC-42A3-9474-1A3956D46DE8}") = "1-Presentation", "1-Presentation", "{D6EFF958-F1D8-4131-97FB-FD17AEFAD468}"
EndProject
Project("{9A19103F-16F7-4668-BE54-9A1E7A4F7556}") = "Shows.Api", "Shows.Api\Shows.Api.csproj", "{3208620B-364B-4B01-8E87-8C418CBDF34C}"
EndProject
Project("{2150E333-8FDC-42A3-9474-1A3956D46DE8}") = "5-Common", "5-Common", "{08CDC3C1-52CB-4BC9-9C0C-2F4110277E4E}"
EndProject
Project("{9A19103F-16F7-4668-BE54-9A1E7A4F7556}") = "Shows.Common", "Common\Shows.Common.csproj", "{6BBA37F8-5DC0-4145-A647-0ABBBCB17903}"
EndProject
Project("{2150E333-8FDC-42A3-9474-1A3956D46DE8}") = "6-Tests", "6-Tests", "{F0C149BD-4106-47F6-8FA8-5FC285B69A1B}"
EndProject
Project("{9A19103F-16F7-4668-BE54-9A1E7A4F7556}") = "Shows.UnitTests", "Shows.UnitTests\Shows.UnitTests.csproj", "{0A00B0F3-43BE-49C5-A858-31E871A5CF4C}"
EndProject
Project("{9A19103F-16F7-4668-BE54-9A1E7A4F7556}") = "Shows.IntegrationTests", "Shows.IntegrationTests\Shows.IntegrationTests.csproj", "{31C6D200-3C26-4B7F-BD21-29E5C004B917}"
EndProject
Project("{2150E333-8FDC-42A3-9474-1A3956D46DE8}") = "Reservations", "Reservations", "{67C67445-6ABF-4BBE-B201-6EEEA9D936ED}"
EndProject
Project("{2150E333-8FDC-42A3-9474-1A3956D46DE8}") = "1-Presentation", "1-Presentation", "{89CB7EDD-EF41-45D8-874A-1661CA9B31D9}"
EndProject
Project("{9A19103F-16F7-4668-BE54-9A1E7A4F7556}") = "Reservations.Api", "Reservations.Api\Reservations.Api.csproj", "{1A2D64F0-4B74-475A-97F1-11967A174546}"
EndProject
Project("{2150E333-8FDC-42A3-9474-1A3956D46DE8}") = "2-Application", "2-Application", "{43889A1E-F9A9-4529-8414-8EBF0B048B24}"
EndProject
Project("{9A19103F-16F7-4668-BE54-9A1E7A4F7556}") = "Reservations.Application", "Reservations.Application\Reservations.Application.csproj", "{AA1F2D85-6F78-4809-811E-54E9A588D041}"
EndProject
Project("{2150E333-8FDC-42A3-9474-1A3956D46DE8}") = "3-Infrastructure", "3-Infrastructure", "{E5E47BD1-A720-4CBC-BB13-2BCCD146259A}"
EndProject
Project("{9A19103F-16F7-4668-BE54-9A1E7A4F7556}") = "Reservations.Infrastructure", "Reservations.Infrastructure\Reservations.Infrastructure.csproj", "{277E322F-6DCA-4EF4-8B7F-84E6CC478B8C}"
EndProject
Project("{2150E333-8FDC-42A3-9474-1A3956D46DE8}") = "4-Domain", "4-Domain", "{A7A82C28-AB8B-4D22-BB93-9DDF28EF261D}"
EndProject
Project("{9A19103F-16F7-4668-BE54-9A1E7A4F7556}") = "Reservations.Domain", "Reservations.Domain\Reservations.Domain.csproj", "{2D16E2F5-666F-4C3D-8B94-FE0F50228A79}"
EndProject
Project("{2150E333-8FDC-42A3-9474-1A3956D46DE8}") = "5-Common", "5-Common", "{DA3FCAEC-DB72-4227-B2EA-F2277AA50245}"
EndProject
Project("{2150E333-8FDC-42A3-9474-1A3956D46DE8}") = "6-Tests", "6-Tests", "{4BC582A6-552F-4787-8D04-E1882C0ED7DD}"
EndProject
Project("{9A19103F-16F7-4668-BE54-9A1E7A4F7556}") = "Reservations.IntegrationTests", "Reservations.IntegrationTests\Reservations.IntegrationTests.csproj", "{140A7585-BE17-46DA-A995-E890C3D25230}"
EndProject
Project("{9A19103F-16F7-4668-BE54-9A1E7A4F7556}") = "Reservations.UnitTests", "Reservations.UnitTests\Reservations.UnitTests.csproj", "{6F559D82-8130-4429-8FE1-FD44B0CAF79A}"
EndProject
Project("{9A19103F-16F7-4668-BE54-9A1E7A4F7556}") = "Reservations.Common", "Reservations.Common\Reservations.Common.csproj", "{C3BC8AAD-8791-4856-BC47-8C8E80B85C63}"
EndProject
Project("{2150E333-8FDC-42A3-9474-1A3956D46DE8}") = "Shared", "Shared", "{5504C362-AEB4-49DC-A1A8-3B08A5F0C0DD}"
EndProject
Project("{2150E333-8FDC-42A3-9474-1A3956D46DE8}") = "Domain", "Domain", "{3794ACC0-7951-4F38-A5AA-DDD141F74F77}"
EndProject
Project("{9A19103F-16F7-4668-BE54-9A1E7A4F7556}") = "Shared.Domain", "Shared.Domain\Shared.Domain.csproj", "{C25BF192-05F7-4E59-9AF5-0DB5512E5674}"
EndProject
Project("{2150E333-8FDC-42A3-9474-1A3956D46DE8}") = "Application", "Application", "{EBE20385-84CE-4523-BF06-47A504B3AE6E}"
EndProject
Project("{9A19103F-16F7-4668-BE54-9A1E7A4F7556}") = "Shared.Application", "Shared.Application\Shared.Application.csproj", "{05AE0191-AADD-4D11-A6F7-26508F3E7F25}"
EndProject
Project("{2150E333-8FDC-42A3-9474-1A3956D46DE8}") = "Infrastructure", "Infrastructure", "{D51A4E8C-351D-4937-A53E-881E9D93FD51}"
EndProject
Project("{9A19103F-16F7-4668-BE54-9A1E7A4F7556}") = "Shared.Infrastructure", "Shared.Infrastructure\Shared.Infrastructure.csproj", "{05D6A189-2587-464A-BFC2-D9EDF94390F8}"
EndProject
Project("{E53339B2-1760-4266-BCC7-CA923CBCF16C}") = "docker-compose", "docker-compose.dcproj", "{ACC144D5-E5B0-499E-B494-CD69AF9CC888}"
EndProject
Project("{2150E333-8FDC-42A3-9474-1A3956D46DE8}") = "ApiGateway", "ApiGateway", "{FD57164D-0A3A-4AEE-B227-6C14C5481518}"
EndProject
Project("{9A19103F-16F7-4668-BE54-9A1E7A4F7556}") = "Ticket4U.ApiGateway", "Ticket4U.ApiGateway\Ticket4U.ApiGateway.csproj", "{58103ED9-BE46-41E2-BE03-8C32B5C749B2}"
EndProject
Project("{2150E333-8FDC-42A3-9474-1A3956D46DE8}") = "Users", "Users", "{66DE7503-1246-4BC6-B0BF-BD7CF9A54B60}"
EndProject
Project("{2150E333-8FDC-42A3-9474-1A3956D46DE8}") = "1-Presentation", "1-Presentation", "{32F8FB85-C53C-4667-BF16-0F19CC739DE4}"
EndProject
Project("{2150E333-8FDC-42A3-9474-1A3956D46DE8}") = "2-Application", "2-Application", "{E0AC79E2-5B36-450E-957A-424BA6BD827A}"
EndProject
Project("{2150E333-8FDC-42A3-9474-1A3956D46DE8}") = "3-Infrastructure", "3-Infrastructure", "{F6B392A3-85A3-46D2-A2B1-D96FD69D011B}"
EndProject
Project("{2150E333-8FDC-42A3-9474-1A3956D46DE8}") = "4-Domain", "4-Domain", "{7AA5B149-49F8-406A-8E83-6EF64BC38845}"
EndProject
Project("{2150E333-8FDC-42A3-9474-1A3956D46DE8}") = "5-Common", "5-Common", "{6590B812-B8B5-4305-B257-7BE6A9E33349}"
EndProject
Project("{2150E333-8FDC-42A3-9474-1A3956D46DE8}") = "6-Tests", "6-Tests", "{03EA8783-14ED-45B9-A07B-0C20EA53DA65}"
EndProject
Project("{9A19103F-16F7-4668-BE54-9A1E7A4F7556}") = "Users.Api", "Users.Api\Users.Api.csproj", "{1C1C65A6-9317-4A00-97DF-E7B61BA39BC4}"
EndProject
Project("{9A19103F-16F7-4668-BE54-9A1E7A4F7556}") = "Users.Application", "Users.Application\Users.Application.csproj", "{0A4D583C-9C9D-4800-BA7F-13F689679303}"
EndProject
Project("{9A19103F-16F7-4668-BE54-9A1E7A4F7556}") = "Users.Infrastructure", "Users.Infrastructure\Users.Infrastructure.csproj", "{8DFC46A7-8C7A-4902-9F31-F482563D31A9}"
EndProject
Project("{9A19103F-16F7-4668-BE54-9A1E7A4F7556}") = "Users.Domain", "Users.Domain\Users.Domain.csproj", "{36EEE20F-E379-40F3-9995-499E717C897C}"
EndProject
Project("{2150E333-8FDC-42A3-9474-1A3956D46DE8}") = "Tests", "Tests", "{A5E73318-FD5F-4A3C-96A2-4509C3CAF066}"
EndProject
Project("{9A19103F-16F7-4668-BE54-9A1E7A4F7556}") = "Shared.IntegrationTests", "..\Shared.IntegrationTests\Shared.IntegrationTests.csproj", "{D881B7F1-AED0-4739-B5E0-5730ABF0636F}"
EndProject
Project("{2150E333-8FDC-42A3-9474-1A3956D46DE8}") = "Presentation", "Presentation", "{8A18D1E7-EB58-416C-9B52-A14EFF6BEE80}"
EndProject
Project("{9A19103F-16F7-4668-BE54-9A1E7A4F7556}") = "Shared.Api", "..\Shared.Api\Shared.Api.csproj", "{2D67ED80-1D43-4F22-A984-0D0B27062CD4}"
EndProject
Project("{9A19103F-16F7-4668-BE54-9A1E7A4F7556}") = "Users.Common", "..\Users.Common\Users.Common.csproj", "{EC962529-F415-4158-8A91-B1AC0844EE9E}"
EndProject
Project("{9A19103F-16F7-4668-BE54-9A1E7A4F7556}") = "Users.UnitTests", "..\Users.UnitTests\Users.UnitTests.csproj", "{CB5D2741-C1BB-49D8-93AA-004E329EBBA7}"
EndProject
Project("{FAE04EC0-301F-11D3-BF4B-00C04F79EFBC}") = "Users.IntegrationTests", "..\Users.IntegrationTests\Users.IntegrationTests.csproj", "{A2FF325D-834D-46DB-BF69-48F554890D8D}"
EndProject
Global
	GlobalSection(SolutionConfigurationPlatforms) = preSolution
		Debug|Any CPU = Debug|Any CPU
		Release|Any CPU = Release|Any CPU
	EndGlobalSection
	GlobalSection(ProjectConfigurationPlatforms) = postSolution
		{1DF4EF4A-80D4-4393-A4ED-0748893898EA}.Debug|Any CPU.ActiveCfg = Debug|Any CPU
		{1DF4EF4A-80D4-4393-A4ED-0748893898EA}.Debug|Any CPU.Build.0 = Debug|Any CPU
		{1DF4EF4A-80D4-4393-A4ED-0748893898EA}.Release|Any CPU.ActiveCfg = Release|Any CPU
		{1DF4EF4A-80D4-4393-A4ED-0748893898EA}.Release|Any CPU.Build.0 = Release|Any CPU
		{9934F7AA-6D8D-4227-B348-E13C9C4B1242}.Debug|Any CPU.ActiveCfg = Debug|Any CPU
		{9934F7AA-6D8D-4227-B348-E13C9C4B1242}.Debug|Any CPU.Build.0 = Debug|Any CPU
		{9934F7AA-6D8D-4227-B348-E13C9C4B1242}.Release|Any CPU.ActiveCfg = Release|Any CPU
		{9934F7AA-6D8D-4227-B348-E13C9C4B1242}.Release|Any CPU.Build.0 = Release|Any CPU
		{D61B4DE4-64D2-40DD-AFF8-F059F21FAE51}.Debug|Any CPU.ActiveCfg = Debug|Any CPU
		{D61B4DE4-64D2-40DD-AFF8-F059F21FAE51}.Debug|Any CPU.Build.0 = Debug|Any CPU
		{D61B4DE4-64D2-40DD-AFF8-F059F21FAE51}.Release|Any CPU.ActiveCfg = Release|Any CPU
		{D61B4DE4-64D2-40DD-AFF8-F059F21FAE51}.Release|Any CPU.Build.0 = Release|Any CPU
		{3208620B-364B-4B01-8E87-8C418CBDF34C}.Debug|Any CPU.ActiveCfg = Debug|Any CPU
		{3208620B-364B-4B01-8E87-8C418CBDF34C}.Debug|Any CPU.Build.0 = Debug|Any CPU
		{3208620B-364B-4B01-8E87-8C418CBDF34C}.Release|Any CPU.ActiveCfg = Release|Any CPU
		{3208620B-364B-4B01-8E87-8C418CBDF34C}.Release|Any CPU.Build.0 = Release|Any CPU
		{6BBA37F8-5DC0-4145-A647-0ABBBCB17903}.Debug|Any CPU.ActiveCfg = Debug|Any CPU
		{6BBA37F8-5DC0-4145-A647-0ABBBCB17903}.Debug|Any CPU.Build.0 = Debug|Any CPU
		{6BBA37F8-5DC0-4145-A647-0ABBBCB17903}.Release|Any CPU.ActiveCfg = Release|Any CPU
		{6BBA37F8-5DC0-4145-A647-0ABBBCB17903}.Release|Any CPU.Build.0 = Release|Any CPU
		{0A00B0F3-43BE-49C5-A858-31E871A5CF4C}.Debug|Any CPU.ActiveCfg = Debug|Any CPU
		{0A00B0F3-43BE-49C5-A858-31E871A5CF4C}.Debug|Any CPU.Build.0 = Debug|Any CPU
		{0A00B0F3-43BE-49C5-A858-31E871A5CF4C}.Release|Any CPU.ActiveCfg = Release|Any CPU
		{0A00B0F3-43BE-49C5-A858-31E871A5CF4C}.Release|Any CPU.Build.0 = Release|Any CPU
		{31C6D200-3C26-4B7F-BD21-29E5C004B917}.Debug|Any CPU.ActiveCfg = Debug|Any CPU
		{31C6D200-3C26-4B7F-BD21-29E5C004B917}.Debug|Any CPU.Build.0 = Debug|Any CPU
		{31C6D200-3C26-4B7F-BD21-29E5C004B917}.Release|Any CPU.ActiveCfg = Release|Any CPU
		{31C6D200-3C26-4B7F-BD21-29E5C004B917}.Release|Any CPU.Build.0 = Release|Any CPU
		{1A2D64F0-4B74-475A-97F1-11967A174546}.Debug|Any CPU.ActiveCfg = Debug|Any CPU
		{1A2D64F0-4B74-475A-97F1-11967A174546}.Debug|Any CPU.Build.0 = Debug|Any CPU
		{1A2D64F0-4B74-475A-97F1-11967A174546}.Release|Any CPU.ActiveCfg = Release|Any CPU
		{1A2D64F0-4B74-475A-97F1-11967A174546}.Release|Any CPU.Build.0 = Release|Any CPU
		{AA1F2D85-6F78-4809-811E-54E9A588D041}.Debug|Any CPU.ActiveCfg = Debug|Any CPU
		{AA1F2D85-6F78-4809-811E-54E9A588D041}.Debug|Any CPU.Build.0 = Debug|Any CPU
		{AA1F2D85-6F78-4809-811E-54E9A588D041}.Release|Any CPU.ActiveCfg = Release|Any CPU
		{AA1F2D85-6F78-4809-811E-54E9A588D041}.Release|Any CPU.Build.0 = Release|Any CPU
		{277E322F-6DCA-4EF4-8B7F-84E6CC478B8C}.Debug|Any CPU.ActiveCfg = Debug|Any CPU
		{277E322F-6DCA-4EF4-8B7F-84E6CC478B8C}.Debug|Any CPU.Build.0 = Debug|Any CPU
		{277E322F-6DCA-4EF4-8B7F-84E6CC478B8C}.Release|Any CPU.ActiveCfg = Release|Any CPU
		{277E322F-6DCA-4EF4-8B7F-84E6CC478B8C}.Release|Any CPU.Build.0 = Release|Any CPU
		{2D16E2F5-666F-4C3D-8B94-FE0F50228A79}.Debug|Any CPU.ActiveCfg = Debug|Any CPU
		{2D16E2F5-666F-4C3D-8B94-FE0F50228A79}.Debug|Any CPU.Build.0 = Debug|Any CPU
		{2D16E2F5-666F-4C3D-8B94-FE0F50228A79}.Release|Any CPU.ActiveCfg = Release|Any CPU
		{2D16E2F5-666F-4C3D-8B94-FE0F50228A79}.Release|Any CPU.Build.0 = Release|Any CPU
		{140A7585-BE17-46DA-A995-E890C3D25230}.Debug|Any CPU.ActiveCfg = Debug|Any CPU
		{140A7585-BE17-46DA-A995-E890C3D25230}.Debug|Any CPU.Build.0 = Debug|Any CPU
		{140A7585-BE17-46DA-A995-E890C3D25230}.Release|Any CPU.ActiveCfg = Release|Any CPU
		{140A7585-BE17-46DA-A995-E890C3D25230}.Release|Any CPU.Build.0 = Release|Any CPU
		{6F559D82-8130-4429-8FE1-FD44B0CAF79A}.Debug|Any CPU.ActiveCfg = Debug|Any CPU
		{6F559D82-8130-4429-8FE1-FD44B0CAF79A}.Debug|Any CPU.Build.0 = Debug|Any CPU
		{6F559D82-8130-4429-8FE1-FD44B0CAF79A}.Release|Any CPU.ActiveCfg = Release|Any CPU
		{6F559D82-8130-4429-8FE1-FD44B0CAF79A}.Release|Any CPU.Build.0 = Release|Any CPU
		{C3BC8AAD-8791-4856-BC47-8C8E80B85C63}.Debug|Any CPU.ActiveCfg = Debug|Any CPU
		{C3BC8AAD-8791-4856-BC47-8C8E80B85C63}.Debug|Any CPU.Build.0 = Debug|Any CPU
		{C3BC8AAD-8791-4856-BC47-8C8E80B85C63}.Release|Any CPU.ActiveCfg = Release|Any CPU
		{C3BC8AAD-8791-4856-BC47-8C8E80B85C63}.Release|Any CPU.Build.0 = Release|Any CPU
		{C25BF192-05F7-4E59-9AF5-0DB5512E5674}.Debug|Any CPU.ActiveCfg = Debug|Any CPU
		{C25BF192-05F7-4E59-9AF5-0DB5512E5674}.Debug|Any CPU.Build.0 = Debug|Any CPU
		{C25BF192-05F7-4E59-9AF5-0DB5512E5674}.Release|Any CPU.ActiveCfg = Release|Any CPU
		{C25BF192-05F7-4E59-9AF5-0DB5512E5674}.Release|Any CPU.Build.0 = Release|Any CPU
		{05AE0191-AADD-4D11-A6F7-26508F3E7F25}.Debug|Any CPU.ActiveCfg = Debug|Any CPU
		{05AE0191-AADD-4D11-A6F7-26508F3E7F25}.Debug|Any CPU.Build.0 = Debug|Any CPU
		{05AE0191-AADD-4D11-A6F7-26508F3E7F25}.Release|Any CPU.ActiveCfg = Release|Any CPU
		{05AE0191-AADD-4D11-A6F7-26508F3E7F25}.Release|Any CPU.Build.0 = Release|Any CPU
		{05D6A189-2587-464A-BFC2-D9EDF94390F8}.Debug|Any CPU.ActiveCfg = Debug|Any CPU
		{05D6A189-2587-464A-BFC2-D9EDF94390F8}.Debug|Any CPU.Build.0 = Debug|Any CPU
		{05D6A189-2587-464A-BFC2-D9EDF94390F8}.Release|Any CPU.ActiveCfg = Release|Any CPU
		{05D6A189-2587-464A-BFC2-D9EDF94390F8}.Release|Any CPU.Build.0 = Release|Any CPU
		{ACC144D5-E5B0-499E-B494-CD69AF9CC888}.Debug|Any CPU.ActiveCfg = Debug|Any CPU
		{ACC144D5-E5B0-499E-B494-CD69AF9CC888}.Debug|Any CPU.Build.0 = Debug|Any CPU
		{ACC144D5-E5B0-499E-B494-CD69AF9CC888}.Release|Any CPU.ActiveCfg = Release|Any CPU
		{ACC144D5-E5B0-499E-B494-CD69AF9CC888}.Release|Any CPU.Build.0 = Release|Any CPU
		{58103ED9-BE46-41E2-BE03-8C32B5C749B2}.Debug|Any CPU.ActiveCfg = Debug|Any CPU
		{58103ED9-BE46-41E2-BE03-8C32B5C749B2}.Debug|Any CPU.Build.0 = Debug|Any CPU
		{58103ED9-BE46-41E2-BE03-8C32B5C749B2}.Release|Any CPU.ActiveCfg = Release|Any CPU
		{58103ED9-BE46-41E2-BE03-8C32B5C749B2}.Release|Any CPU.Build.0 = Release|Any CPU
		{1C1C65A6-9317-4A00-97DF-E7B61BA39BC4}.Debug|Any CPU.ActiveCfg = Debug|Any CPU
		{1C1C65A6-9317-4A00-97DF-E7B61BA39BC4}.Debug|Any CPU.Build.0 = Debug|Any CPU
		{1C1C65A6-9317-4A00-97DF-E7B61BA39BC4}.Release|Any CPU.ActiveCfg = Release|Any CPU
		{1C1C65A6-9317-4A00-97DF-E7B61BA39BC4}.Release|Any CPU.Build.0 = Release|Any CPU
		{0A4D583C-9C9D-4800-BA7F-13F689679303}.Debug|Any CPU.ActiveCfg = Debug|Any CPU
		{0A4D583C-9C9D-4800-BA7F-13F689679303}.Debug|Any CPU.Build.0 = Debug|Any CPU
		{0A4D583C-9C9D-4800-BA7F-13F689679303}.Release|Any CPU.ActiveCfg = Release|Any CPU
		{0A4D583C-9C9D-4800-BA7F-13F689679303}.Release|Any CPU.Build.0 = Release|Any CPU
		{8DFC46A7-8C7A-4902-9F31-F482563D31A9}.Debug|Any CPU.ActiveCfg = Debug|Any CPU
		{8DFC46A7-8C7A-4902-9F31-F482563D31A9}.Debug|Any CPU.Build.0 = Debug|Any CPU
		{8DFC46A7-8C7A-4902-9F31-F482563D31A9}.Release|Any CPU.ActiveCfg = Release|Any CPU
		{8DFC46A7-8C7A-4902-9F31-F482563D31A9}.Release|Any CPU.Build.0 = Release|Any CPU
		{36EEE20F-E379-40F3-9995-499E717C897C}.Debug|Any CPU.ActiveCfg = Debug|Any CPU
		{36EEE20F-E379-40F3-9995-499E717C897C}.Debug|Any CPU.Build.0 = Debug|Any CPU
		{36EEE20F-E379-40F3-9995-499E717C897C}.Release|Any CPU.ActiveCfg = Release|Any CPU
		{36EEE20F-E379-40F3-9995-499E717C897C}.Release|Any CPU.Build.0 = Release|Any CPU
		{D881B7F1-AED0-4739-B5E0-5730ABF0636F}.Debug|Any CPU.ActiveCfg = Debug|Any CPU
		{D881B7F1-AED0-4739-B5E0-5730ABF0636F}.Debug|Any CPU.Build.0 = Debug|Any CPU
		{D881B7F1-AED0-4739-B5E0-5730ABF0636F}.Release|Any CPU.ActiveCfg = Release|Any CPU
		{D881B7F1-AED0-4739-B5E0-5730ABF0636F}.Release|Any CPU.Build.0 = Release|Any CPU
		{2D67ED80-1D43-4F22-A984-0D0B27062CD4}.Debug|Any CPU.ActiveCfg = Debug|Any CPU
		{2D67ED80-1D43-4F22-A984-0D0B27062CD4}.Debug|Any CPU.Build.0 = Debug|Any CPU
		{2D67ED80-1D43-4F22-A984-0D0B27062CD4}.Release|Any CPU.ActiveCfg = Release|Any CPU
		{2D67ED80-1D43-4F22-A984-0D0B27062CD4}.Release|Any CPU.Build.0 = Release|Any CPU
		{EC962529-F415-4158-8A91-B1AC0844EE9E}.Debug|Any CPU.ActiveCfg = Debug|Any CPU
		{EC962529-F415-4158-8A91-B1AC0844EE9E}.Debug|Any CPU.Build.0 = Debug|Any CPU
		{EC962529-F415-4158-8A91-B1AC0844EE9E}.Release|Any CPU.ActiveCfg = Release|Any CPU
		{EC962529-F415-4158-8A91-B1AC0844EE9E}.Release|Any CPU.Build.0 = Release|Any CPU
		{CB5D2741-C1BB-49D8-93AA-004E329EBBA7}.Debug|Any CPU.ActiveCfg = Debug|Any CPU
		{CB5D2741-C1BB-49D8-93AA-004E329EBBA7}.Debug|Any CPU.Build.0 = Debug|Any CPU
		{CB5D2741-C1BB-49D8-93AA-004E329EBBA7}.Release|Any CPU.ActiveCfg = Release|Any CPU
		{CB5D2741-C1BB-49D8-93AA-004E329EBBA7}.Release|Any CPU.Build.0 = Release|Any CPU
		{A2FF325D-834D-46DB-BF69-48F554890D8D}.Debug|Any CPU.ActiveCfg = Debug|Any CPU
		{A2FF325D-834D-46DB-BF69-48F554890D8D}.Debug|Any CPU.Build.0 = Debug|Any CPU
		{A2FF325D-834D-46DB-BF69-48F554890D8D}.Release|Any CPU.ActiveCfg = Release|Any CPU
		{A2FF325D-834D-46DB-BF69-48F554890D8D}.Release|Any CPU.Build.0 = Release|Any CPU
	EndGlobalSection
	GlobalSection(SolutionProperties) = preSolution
		HideSolutionNode = FALSE
	EndGlobalSection
	GlobalSection(NestedProjects) = preSolution
		{B4B84AE3-A5FF-4FF0-A2CE-0D216076A8E0} = {159B29A9-8BF1-4877-9056-9D3DE46DCBEC}
		{1BB94855-7BFE-4E80-A69A-8BD489166402} = {B4B84AE3-A5FF-4FF0-A2CE-0D216076A8E0}
		{1DF4EF4A-80D4-4393-A4ED-0748893898EA} = {1BB94855-7BFE-4E80-A69A-8BD489166402}
		{9584A5BB-DC62-4F17-B7CD-EA8EFE2EB486} = {B4B84AE3-A5FF-4FF0-A2CE-0D216076A8E0}
		{9934F7AA-6D8D-4227-B348-E13C9C4B1242} = {9584A5BB-DC62-4F17-B7CD-EA8EFE2EB486}
		{2C1DD800-F56B-4A66-8514-0F6A6639DAB2} = {B4B84AE3-A5FF-4FF0-A2CE-0D216076A8E0}
		{D61B4DE4-64D2-40DD-AFF8-F059F21FAE51} = {2C1DD800-F56B-4A66-8514-0F6A6639DAB2}
		{D6EFF958-F1D8-4131-97FB-FD17AEFAD468} = {B4B84AE3-A5FF-4FF0-A2CE-0D216076A8E0}
		{3208620B-364B-4B01-8E87-8C418CBDF34C} = {D6EFF958-F1D8-4131-97FB-FD17AEFAD468}
		{08CDC3C1-52CB-4BC9-9C0C-2F4110277E4E} = {B4B84AE3-A5FF-4FF0-A2CE-0D216076A8E0}
		{6BBA37F8-5DC0-4145-A647-0ABBBCB17903} = {08CDC3C1-52CB-4BC9-9C0C-2F4110277E4E}
		{F0C149BD-4106-47F6-8FA8-5FC285B69A1B} = {B4B84AE3-A5FF-4FF0-A2CE-0D216076A8E0}
		{0A00B0F3-43BE-49C5-A858-31E871A5CF4C} = {F0C149BD-4106-47F6-8FA8-5FC285B69A1B}
		{31C6D200-3C26-4B7F-BD21-29E5C004B917} = {F0C149BD-4106-47F6-8FA8-5FC285B69A1B}
		{67C67445-6ABF-4BBE-B201-6EEEA9D936ED} = {159B29A9-8BF1-4877-9056-9D3DE46DCBEC}
		{89CB7EDD-EF41-45D8-874A-1661CA9B31D9} = {67C67445-6ABF-4BBE-B201-6EEEA9D936ED}
		{1A2D64F0-4B74-475A-97F1-11967A174546} = {89CB7EDD-EF41-45D8-874A-1661CA9B31D9}
		{43889A1E-F9A9-4529-8414-8EBF0B048B24} = {67C67445-6ABF-4BBE-B201-6EEEA9D936ED}
		{AA1F2D85-6F78-4809-811E-54E9A588D041} = {43889A1E-F9A9-4529-8414-8EBF0B048B24}
		{E5E47BD1-A720-4CBC-BB13-2BCCD146259A} = {67C67445-6ABF-4BBE-B201-6EEEA9D936ED}
		{277E322F-6DCA-4EF4-8B7F-84E6CC478B8C} = {E5E47BD1-A720-4CBC-BB13-2BCCD146259A}
		{A7A82C28-AB8B-4D22-BB93-9DDF28EF261D} = {67C67445-6ABF-4BBE-B201-6EEEA9D936ED}
		{2D16E2F5-666F-4C3D-8B94-FE0F50228A79} = {A7A82C28-AB8B-4D22-BB93-9DDF28EF261D}
		{DA3FCAEC-DB72-4227-B2EA-F2277AA50245} = {67C67445-6ABF-4BBE-B201-6EEEA9D936ED}
		{4BC582A6-552F-4787-8D04-E1882C0ED7DD} = {67C67445-6ABF-4BBE-B201-6EEEA9D936ED}
		{140A7585-BE17-46DA-A995-E890C3D25230} = {4BC582A6-552F-4787-8D04-E1882C0ED7DD}
		{6F559D82-8130-4429-8FE1-FD44B0CAF79A} = {4BC582A6-552F-4787-8D04-E1882C0ED7DD}
		{C3BC8AAD-8791-4856-BC47-8C8E80B85C63} = {DA3FCAEC-DB72-4227-B2EA-F2277AA50245}
		{3794ACC0-7951-4F38-A5AA-DDD141F74F77} = {5504C362-AEB4-49DC-A1A8-3B08A5F0C0DD}
		{C25BF192-05F7-4E59-9AF5-0DB5512E5674} = {3794ACC0-7951-4F38-A5AA-DDD141F74F77}
		{EBE20385-84CE-4523-BF06-47A504B3AE6E} = {5504C362-AEB4-49DC-A1A8-3B08A5F0C0DD}
		{05AE0191-AADD-4D11-A6F7-26508F3E7F25} = {EBE20385-84CE-4523-BF06-47A504B3AE6E}
		{D51A4E8C-351D-4937-A53E-881E9D93FD51} = {5504C362-AEB4-49DC-A1A8-3B08A5F0C0DD}
		{05D6A189-2587-464A-BFC2-D9EDF94390F8} = {D51A4E8C-351D-4937-A53E-881E9D93FD51}
		{58103ED9-BE46-41E2-BE03-8C32B5C749B2} = {FD57164D-0A3A-4AEE-B227-6C14C5481518}
		{66DE7503-1246-4BC6-B0BF-BD7CF9A54B60} = {159B29A9-8BF1-4877-9056-9D3DE46DCBEC}
		{32F8FB85-C53C-4667-BF16-0F19CC739DE4} = {66DE7503-1246-4BC6-B0BF-BD7CF9A54B60}
		{E0AC79E2-5B36-450E-957A-424BA6BD827A} = {66DE7503-1246-4BC6-B0BF-BD7CF9A54B60}
		{F6B392A3-85A3-46D2-A2B1-D96FD69D011B} = {66DE7503-1246-4BC6-B0BF-BD7CF9A54B60}
		{7AA5B149-49F8-406A-8E83-6EF64BC38845} = {66DE7503-1246-4BC6-B0BF-BD7CF9A54B60}
		{6590B812-B8B5-4305-B257-7BE6A9E33349} = {66DE7503-1246-4BC6-B0BF-BD7CF9A54B60}
		{03EA8783-14ED-45B9-A07B-0C20EA53DA65} = {66DE7503-1246-4BC6-B0BF-BD7CF9A54B60}
		{1C1C65A6-9317-4A00-97DF-E7B61BA39BC4} = {32F8FB85-C53C-4667-BF16-0F19CC739DE4}
		{0A4D583C-9C9D-4800-BA7F-13F689679303} = {E0AC79E2-5B36-450E-957A-424BA6BD827A}
		{8DFC46A7-8C7A-4902-9F31-F482563D31A9} = {F6B392A3-85A3-46D2-A2B1-D96FD69D011B}
		{36EEE20F-E379-40F3-9995-499E717C897C} = {7AA5B149-49F8-406A-8E83-6EF64BC38845}
		{A5E73318-FD5F-4A3C-96A2-4509C3CAF066} = {5504C362-AEB4-49DC-A1A8-3B08A5F0C0DD}
		{D881B7F1-AED0-4739-B5E0-5730ABF0636F} = {A5E73318-FD5F-4A3C-96A2-4509C3CAF066}
		{8A18D1E7-EB58-416C-9B52-A14EFF6BEE80} = {5504C362-AEB4-49DC-A1A8-3B08A5F0C0DD}
		{2D67ED80-1D43-4F22-A984-0D0B27062CD4} = {8A18D1E7-EB58-416C-9B52-A14EFF6BEE80}
		{EC962529-F415-4158-8A91-B1AC0844EE9E} = {6590B812-B8B5-4305-B257-7BE6A9E33349}
		{CB5D2741-C1BB-49D8-93AA-004E329EBBA7} = {03EA8783-14ED-45B9-A07B-0C20EA53DA65}
		{A2FF325D-834D-46DB-BF69-48F554890D8D} = {03EA8783-14ED-45B9-A07B-0C20EA53DA65}
	EndGlobalSection
	GlobalSection(ExtensibilityGlobals) = postSolution
		SolutionGuid = {2FC6CB1C-0112-4660-8359-CE720CE39361}
	EndGlobalSection
EndGlobal
