
Microsoft Visual Studio Solution File, Format Version 12.00
# Visual Studio Version 17
VisualStudioVersion = 17.5.33516.290
MinimumVisualStudioVersion = 10.0.40219.1
Project("{2150E333-8FDC-42A3-9474-1A3956D46DE8}") = "Services", "Services", "{159B29A9-8BF1-4877-9056-9D3DE46DCBEC}"
EndProject
Project("{2150E333-8FDC-42A3-9474-1A3956D46DE8}") = "Shows", "Shows", "{B4B84AE3-A5FF-4FF0-A2CE-0D216076A8E0}"
EndProject
Project("{2150E333-8FDC-42A3-9474-1A3956D46DE8}") = "4-Domain", "4-Domain", "{1BB94855-7BFE-4E80-A69A-8BD489166402}"
EndProject
Project("{9A19103F-16F7-4668-BE54-9A1E7A4F7556}") = "Shows.Domain", "Shows.Domain\Shows.Domain.csproj", "{1DF4EF4A-80D4-4393-A4ED-0748893898EA}"
EndProject
Project("{2150E333-8FDC-42A3-9474-1A3956D46DE8}") = "3-Infrastructure", "3-Infrastructure", "{9584A5BB-DC62-4F17-B7CD-EA8EFE2EB486}"
EndProject
Project("{9A19103F-16F7-4668-BE54-9A1E7A4F7556}") = "Shows.Infrastructure", "Shows.Infrastructure\Shows.Infrastructure.csproj", "{9934F7AA-6D8D-4227-B348-E13C9C4B1242}"
EndProject
Project("{2150E333-8FDC-42A3-9474-1A3956D46DE8}") = "2-Application", "2-Application", "{2C1DD800-F56B-4A66-8514-0F6A6639DAB2}"
EndProject
Project("{9A19103F-16F7-4668-BE54-9A1E7A4F7556}") = "Shows.Application", "Shows.Application\Shows.Application.csproj", "{D61B4DE4-64D2-40DD-AFF8-F059F21FAE51}"
EndProject
Project("{2150E333-8FDC-42A3-9474-1A3956D46DE8}") = "1-Presentation", "1-Presentation", "{D6EFF958-F1D8-4131-97FB-FD17AEFAD468}"
EndProject
Project("{9A19103F-16F7-4668-BE54-9A1E7A4F7556}") = "Shows.Api", "Shows.Api\Shows.Api.csproj", "{3208620B-364B-4B01-8E87-8C418CBDF34C}"
EndProject
Project("{2150E333-8FDC-42A3-9474-1A3956D46DE8}") = "5-Common", "5-Common", "{08CDC3C1-52CB-4BC9-9C0C-2F4110277E4E}"
EndProject
Project("{9A19103F-16F7-4668-BE54-9A1E7A4F7556}") = "Shows.Common", "Common\Shows.Common.csproj", "{6BBA37F8-5DC0-4145-A647-0ABBBCB17903}"
EndProject
Project("{2150E333-8FDC-42A3-9474-1A3956D46DE8}") = "6-Tests", "6-Tests", "{F0C149BD-4106-47F6-8FA8-5FC285B69A1B}"
EndProject
Project("{9A19103F-16F7-4668-BE54-9A1E7A4F7556}") = "Shows.UnitTests", "Shows.UnitTests\Shows.UnitTests.csproj", "{0A00B0F3-43BE-49C5-A858-31E871A5CF4C}"
EndProject
Project("{9A19103F-16F7-4668-BE54-9A1E7A4F7556}") = "Shows.IntegrationTests", "Shows.IntegrationTests\Shows.IntegrationTests.csproj", "{31C6D200-3C26-4B7F-BD21-29E5C004B917}"
EndProject
Project("{2150E333-8FDC-42A3-9474-1A3956D46DE8}") = "Reservations", "Reservations", "{67C67445-6ABF-4BBE-B201-6EEEA9D936ED}"
EndProject
Project("{2150E333-8FDC-42A3-9474-1A3956D46DE8}") = "1-Presentation", "1-Presentation", "{89CB7EDD-EF41-45D8-874A-1661CA9B31D9}"
EndProject
Project("{FAE04EC0-301F-11D3-BF4B-00C04F79EFBC}") = "Reservations.Api", "Reservations.Api\Reservations.Api.csproj", "{1A2D64F0-4B74-475A-97F1-11967A174546}"
EndProject
Project("{2150E333-8FDC-42A3-9474-1A3956D46DE8}") = "2-Application", "2-Application", "{43889A1E-F9A9-4529-8414-8EBF0B048B24}"
EndProject
Project("{FAE04EC0-301F-11D3-BF4B-00C04F79EFBC}") = "Reservations.Application", "Reservations.Application\Reservations.Application.csproj", "{AA1F2D85-6F78-4809-811E-54E9A588D041}"
EndProject
Project("{2150E333-8FDC-42A3-9474-1A3956D46DE8}") = "3-Infrastructure", "3-Infrastructure", "{E5E47BD1-A720-4CBC-BB13-2BCCD146259A}"
EndProject
Project("{FAE04EC0-301F-11D3-BF4B-00C04F79EFBC}") = "Reservations.Infrastructure", "Reservations.Infrastructure\Reservations.Infrastructure.csproj", "{277E322F-6DCA-4EF4-8B7F-84E6CC478B8C}"
EndProject
Project("{2150E333-8FDC-42A3-9474-1A3956D46DE8}") = "4-Domain", "4-Domain", "{A7A82C28-AB8B-4D22-BB93-9DDF28EF261D}"
EndProject
Project("{FAE04EC0-301F-11D3-BF4B-00C04F79EFBC}") = "Reservations.Domain", "Reservations.Domain\Reservations.Domain.csproj", "{2D16E2F5-666F-4C3D-8B94-FE0F50228A79}"
EndProject
Project("{2150E333-8FDC-42A3-9474-1A3956D46DE8}") = "5-Common", "5-Common", "{DA3FCAEC-DB72-4227-B2EA-F2277AA50245}"
EndProject
Project("{2150E333-8FDC-42A3-9474-1A3956D46DE8}") = "6-Tests", "6-Tests", "{4BC582A6-552F-4787-8D04-E1882C0ED7DD}"
EndProject
Project("{FAE04EC0-301F-11D3-BF4B-00C04F79EFBC}") = "Reservations.IntegrationTests", "Reservations.IntegrationTests\Reservations.IntegrationTests.csproj", "{140A7585-BE17-46DA-A995-E890C3D25230}"
EndProject
Project("{FAE04EC0-301F-11D3-BF4B-00C04F79EFBC}") = "Reservations.UnitTests", "Reservations.UnitTests\Reservations.UnitTests.csproj", "{6F559D82-8130-4429-8FE1-FD44B0CAF79A}"
EndProject
Project("{FAE04EC0-301F-11D3-BF4B-00C04F79EFBC}") = "Reservations.Common", "Reservations.Common\Reservations.Common.csproj", "{C3BC8AAD-8791-4856-BC47-8C8E80B85C63}"
EndProject
Global
	GlobalSection(SolutionConfigurationPlatforms) = preSolution
		Debug|Any CPU = Debug|Any CPU
		Release|Any CPU = Release|Any CPU
	EndGlobalSection
	GlobalSection(ProjectConfigurationPlatforms) = postSolution
		{1DF4EF4A-80D4-4393-A4ED-0748893898EA}.Debug|Any CPU.ActiveCfg = Debug|Any CPU
		{1DF4EF4A-80D4-4393-A4ED-0748893898EA}.Debug|Any CPU.Build.0 = Debug|Any CPU
		{1DF4EF4A-80D4-4393-A4ED-0748893898EA}.Release|Any CPU.ActiveCfg = Release|Any CPU
		{1DF4EF4A-80D4-4393-A4ED-0748893898EA}.Release|Any CPU.Build.0 = Release|Any CPU
		{9934F7AA-6D8D-4227-B348-E13C9C4B1242}.Debug|Any CPU.ActiveCfg = Debug|Any CPU
		{9934F7AA-6D8D-4227-B348-E13C9C4B1242}.Debug|Any CPU.Build.0 = Debug|Any CPU
		{9934F7AA-6D8D-4227-B348-E13C9C4B1242}.Release|Any CPU.ActiveCfg = Release|Any CPU
		{9934F7AA-6D8D-4227-B348-E13C9C4B1242}.Release|Any CPU.Build.0 = Release|Any CPU
		{D61B4DE4-64D2-40DD-AFF8-F059F21FAE51}.Debug|Any CPU.ActiveCfg = Debug|Any CPU
		{D61B4DE4-64D2-40DD-AFF8-F059F21FAE51}.Debug|Any CPU.Build.0 = Debug|Any CPU
		{D61B4DE4-64D2-40DD-AFF8-F059F21FAE51}.Release|Any CPU.ActiveCfg = Release|Any CPU
		{D61B4DE4-64D2-40DD-AFF8-F059F21FAE51}.Release|Any CPU.Build.0 = Release|Any CPU
		{3208620B-364B-4B01-8E87-8C418CBDF34C}.Debug|Any CPU.ActiveCfg = Debug|Any CPU
		{3208620B-364B-4B01-8E87-8C418CBDF34C}.Debug|Any CPU.Build.0 = Debug|Any CPU
		{3208620B-364B-4B01-8E87-8C418CBDF34C}.Release|Any CPU.ActiveCfg = Release|Any CPU
		{3208620B-364B-4B01-8E87-8C418CBDF34C}.Release|Any CPU.Build.0 = Release|Any CPU
		{6BBA37F8-5DC0-4145-A647-0ABBBCB17903}.Debug|Any CPU.ActiveCfg = Debug|Any CPU
		{6BBA37F8-5DC0-4145-A647-0ABBBCB17903}.Debug|Any CPU.Build.0 = Debug|Any CPU
		{6BBA37F8-5DC0-4145-A647-0ABBBCB17903}.Release|Any CPU.ActiveCfg = Release|Any CPU
		{6BBA37F8-5DC0-4145-A647-0ABBBCB17903}.Release|Any CPU.Build.0 = Release|Any CPU
		{0A00B0F3-43BE-49C5-A858-31E871A5CF4C}.Debug|Any CPU.ActiveCfg = Debug|Any CPU
		{0A00B0F3-43BE-49C5-A858-31E871A5CF4C}.Debug|Any CPU.Build.0 = Debug|Any CPU
		{0A00B0F3-43BE-49C5-A858-31E871A5CF4C}.Release|Any CPU.ActiveCfg = Release|Any CPU
		{0A00B0F3-43BE-49C5-A858-31E871A5CF4C}.Release|Any CPU.Build.0 = Release|Any CPU
		{31C6D200-3C26-4B7F-BD21-29E5C004B917}.Debug|Any CPU.ActiveCfg = Debug|Any CPU
		{31C6D200-3C26-4B7F-BD21-29E5C004B917}.Debug|Any CPU.Build.0 = Debug|Any CPU
		{31C6D200-3C26-4B7F-BD21-29E5C004B917}.Release|Any CPU.ActiveCfg = Release|Any CPU
		{31C6D200-3C26-4B7F-BD21-29E5C004B917}.Release|Any CPU.Build.0 = Release|Any CPU
		{1A2D64F0-4B74-475A-97F1-11967A174546}.Debug|Any CPU.ActiveCfg = Debug|Any CPU
		{1A2D64F0-4B74-475A-97F1-11967A174546}.Debug|Any CPU.Build.0 = Debug|Any CPU
		{1A2D64F0-4B74-475A-97F1-11967A174546}.Release|Any CPU.ActiveCfg = Release|Any CPU
		{1A2D64F0-4B74-475A-97F1-11967A174546}.Release|Any CPU.Build.0 = Release|Any CPU
		{AA1F2D85-6F78-4809-811E-54E9A588D041}.Debug|Any CPU.ActiveCfg = Debug|Any CPU
		{AA1F2D85-6F78-4809-811E-54E9A588D041}.Debug|Any CPU.Build.0 = Debug|Any CPU
		{AA1F2D85-6F78-4809-811E-54E9A588D041}.Release|Any CPU.ActiveCfg = Release|Any CPU
		{AA1F2D85-6F78-4809-811E-54E9A588D041}.Release|Any CPU.Build.0 = Release|Any CPU
		{277E322F-6DCA-4EF4-8B7F-84E6CC478B8C}.Debug|Any CPU.ActiveCfg = Debug|Any CPU
		{277E322F-6DCA-4EF4-8B7F-84E6CC478B8C}.Debug|Any CPU.Build.0 = Debug|Any CPU
		{277E322F-6DCA-4EF4-8B7F-84E6CC478B8C}.Release|Any CPU.ActiveCfg = Release|Any CPU
		{277E322F-6DCA-4EF4-8B7F-84E6CC478B8C}.Release|Any CPU.Build.0 = Release|Any CPU
		{2D16E2F5-666F-4C3D-8B94-FE0F50228A79}.Debug|Any CPU.ActiveCfg = Debug|Any CPU
		{2D16E2F5-666F-4C3D-8B94-FE0F50228A79}.Debug|Any CPU.Build.0 = Debug|Any CPU
		{2D16E2F5-666F-4C3D-8B94-FE0F50228A79}.Release|Any CPU.ActiveCfg = Release|Any CPU
		{2D16E2F5-666F-4C3D-8B94-FE0F50228A79}.Release|Any CPU.Build.0 = Release|Any CPU
		{140A7585-BE17-46DA-A995-E890C3D25230}.Debug|Any CPU.ActiveCfg = Debug|Any CPU
		{140A7585-BE17-46DA-A995-E890C3D25230}.Debug|Any CPU.Build.0 = Debug|Any CPU
		{140A7585-BE17-46DA-A995-E890C3D25230}.Release|Any CPU.ActiveCfg = Release|Any CPU
		{140A7585-BE17-46DA-A995-E890C3D25230}.Release|Any CPU.Build.0 = Release|Any CPU
		{6F559D82-8130-4429-8FE1-FD44B0CAF79A}.Debug|Any CPU.ActiveCfg = Debug|Any CPU
		{6F559D82-8130-4429-8FE1-FD44B0CAF79A}.Debug|Any CPU.Build.0 = Debug|Any CPU
		{6F559D82-8130-4429-8FE1-FD44B0CAF79A}.Release|Any CPU.ActiveCfg = Release|Any CPU
		{6F559D82-8130-4429-8FE1-FD44B0CAF79A}.Release|Any CPU.Build.0 = Release|Any CPU
		{C3BC8AAD-8791-4856-BC47-8C8E80B85C63}.Debug|Any CPU.ActiveCfg = Debug|Any CPU
		{C3BC8AAD-8791-4856-BC47-8C8E80B85C63}.Debug|Any CPU.Build.0 = Debug|Any CPU
		{C3BC8AAD-8791-4856-BC47-8C8E80B85C63}.Release|Any CPU.ActiveCfg = Release|Any CPU
		{C3BC8AAD-8791-4856-BC47-8C8E80B85C63}.Release|Any CPU.Build.0 = Release|Any CPU
	EndGlobalSection
	GlobalSection(SolutionProperties) = preSolution
		HideSolutionNode = FALSE
	EndGlobalSection
	GlobalSection(NestedProjects) = preSolution
		{B4B84AE3-A5FF-4FF0-A2CE-0D216076A8E0} = {159B29A9-8BF1-4877-9056-9D3DE46DCBEC}
		{1BB94855-7BFE-4E80-A69A-8BD489166402} = {B4B84AE3-A5FF-4FF0-A2CE-0D216076A8E0}
		{1DF4EF4A-80D4-4393-A4ED-0748893898EA} = {1BB94855-7BFE-4E80-A69A-8BD489166402}
		{9584A5BB-DC62-4F17-B7CD-EA8EFE2EB486} = {B4B84AE3-A5FF-4FF0-A2CE-0D216076A8E0}
		{9934F7AA-6D8D-4227-B348-E13C9C4B1242} = {9584A5BB-DC62-4F17-B7CD-EA8EFE2EB486}
		{2C1DD800-F56B-4A66-8514-0F6A6639DAB2} = {B4B84AE3-A5FF-4FF0-A2CE-0D216076A8E0}
		{D61B4DE4-64D2-40DD-AFF8-F059F21FAE51} = {2C1DD800-F56B-4A66-8514-0F6A6639DAB2}
		{D6EFF958-F1D8-4131-97FB-FD17AEFAD468} = {B4B84AE3-A5FF-4FF0-A2CE-0D216076A8E0}
		{3208620B-364B-4B01-8E87-8C418CBDF34C} = {D6EFF958-F1D8-4131-97FB-FD17AEFAD468}
		{08CDC3C1-52CB-4BC9-9C0C-2F4110277E4E} = {B4B84AE3-A5FF-4FF0-A2CE-0D216076A8E0}
		{6BBA37F8-5DC0-4145-A647-0ABBBCB17903} = {08CDC3C1-52CB-4BC9-9C0C-2F4110277E4E}
		{F0C149BD-4106-47F6-8FA8-5FC285B69A1B} = {B4B84AE3-A5FF-4FF0-A2CE-0D216076A8E0}
		{0A00B0F3-43BE-49C5-A858-31E871A5CF4C} = {F0C149BD-4106-47F6-8FA8-5FC285B69A1B}
		{31C6D200-3C26-4B7F-BD21-29E5C004B917} = {F0C149BD-4106-47F6-8FA8-5FC285B69A1B}
		{67C67445-6ABF-4BBE-B201-6EEEA9D936ED} = {159B29A9-8BF1-4877-9056-9D3DE46DCBEC}
		{89CB7EDD-EF41-45D8-874A-1661CA9B31D9} = {67C67445-6ABF-4BBE-B201-6EEEA9D936ED}
		{1A2D64F0-4B74-475A-97F1-11967A174546} = {89CB7EDD-EF41-45D8-874A-1661CA9B31D9}
		{43889A1E-F9A9-4529-8414-8EBF0B048B24} = {67C67445-6ABF-4BBE-B201-6EEEA9D936ED}
		{AA1F2D85-6F78-4809-811E-54E9A588D041} = {43889A1E-F9A9-4529-8414-8EBF0B048B24}
		{E5E47BD1-A720-4CBC-BB13-2BCCD146259A} = {67C67445-6ABF-4BBE-B201-6EEEA9D936ED}
		{277E322F-6DCA-4EF4-8B7F-84E6CC478B8C} = {E5E47BD1-A720-4CBC-BB13-2BCCD146259A}
		{A7A82C28-AB8B-4D22-BB93-9DDF28EF261D} = {67C67445-6ABF-4BBE-B201-6EEEA9D936ED}
		{2D16E2F5-666F-4C3D-8B94-FE0F50228A79} = {A7A82C28-AB8B-4D22-BB93-9DDF28EF261D}
		{DA3FCAEC-DB72-4227-B2EA-F2277AA50245} = {67C67445-6ABF-4BBE-B201-6EEEA9D936ED}
		{4BC582A6-552F-4787-8D04-E1882C0ED7DD} = {67C67445-6ABF-4BBE-B201-6EEEA9D936ED}
		{140A7585-BE17-46DA-A995-E890C3D25230} = {4BC582A6-552F-4787-8D04-E1882C0ED7DD}
		{6F559D82-8130-4429-8FE1-FD44B0CAF79A} = {4BC582A6-552F-4787-8D04-E1882C0ED7DD}
		{C3BC8AAD-8791-4856-BC47-8C8E80B85C63} = {DA3FCAEC-DB72-4227-B2EA-F2277AA50245}
	EndGlobalSection
	GlobalSection(ExtensibilityGlobals) = postSolution
		SolutionGuid = {2FC6CB1C-0112-4660-8359-CE720CE39361}
	EndGlobalSection
EndGlobal
